
Microsoft Visual Studio Solution File, Format Version 12.00
# Visual Studio Version 16
VisualStudioVersion = 16.0.30517.126
MinimumVisualStudioVersion = 10.0.40219.1
Project("{9092AA53-FB77-4645-B42D-1CCCA6BD08BD}") = "Lab2-Calculator", "Lab2-Calculator.njsproj", "{CC39DB5B-BCB8-4289-806C-DBA566F44F9E}"
EndProject
Global
	GlobalSection(SolutionConfigurationPlatforms) = preSolution
		Debug|Any CPU = Debug|Any CPU
		Release|Any CPU = Release|Any CPU
	EndGlobalSection
	GlobalSection(ProjectConfigurationPlatforms) = postSolution
		{CC39DB5B-BCB8-4289-806C-DBA566F44F9E}.Debug|Any CPU.ActiveCfg = Debug|Any CPU
		{CC39DB5B-BCB8-4289-806C-DBA566F44F9E}.Debug|Any CPU.Build.0 = Debug|Any CPU
		{CC39DB5B-BCB8-4289-806C-DBA566F44F9E}.Release|Any CPU.ActiveCfg = Release|Any CPU
		{CC39DB5B-BCB8-4289-806C-DBA566F44F9E}.Release|Any CPU.Build.0 = Release|Any CPU
	EndGlobalSection
	GlobalSection(SolutionProperties) = preSolution
		HideSolutionNode = FALSE
	EndGlobalSection
	GlobalSection(ExtensibilityGlobals) = postSolution
		SolutionGuid = {A713D385-7DBB-451F-BBC0-A1039D685622}
	EndGlobalSection
EndGlobal
